
Microsoft Visual Studio Solution File, Format Version 12.00
# Visual Studio Version 17
VisualStudioVersion = 17.4.33122.133
MinimumVisualStudioVersion = 10.0.40219.1
Project("{FAE04EC0-301F-11D3-BF4B-00C04F79EFBC}") = "PZ_25", "PZ_25\PZ_25.csproj", "{65375920-77F1-4B1A-BB70-37DBF3D59BB6}"
EndProject
Global
	GlobalSection(SolutionConfigurationPlatforms) = preSolution
		Debug|Any CPU = Debug|Any CPU
		Release|Any CPU = Release|Any CPU
	EndGlobalSection
	GlobalSection(ProjectConfigurationPlatforms) = postSolution
		{65375920-77F1-4B1A-BB70-37DBF3D59BB6}.Debug|Any CPU.ActiveCfg = Debug|Any CPU
		{65375920-77F1-4B1A-BB70-37DBF3D59BB6}.Debug|Any CPU.Build.0 = Debug|Any CPU
		{65375920-77F1-4B1A-BB70-37DBF3D59BB6}.Release|Any CPU.ActiveCfg = Release|Any CPU
		{65375920-77F1-4B1A-BB70-37DBF3D59BB6}.Release|Any CPU.Build.0 = Release|Any CPU
	EndGlobalSection
	GlobalSection(SolutionProperties) = preSolution
		HideSolutionNode = FALSE
	EndGlobalSection
	GlobalSection(ExtensibilityGlobals) = postSolution
		SolutionGuid = {C0AE1EB8-CBB6-4DA7-8180-3ABA3993EDF4}
	EndGlobalSection
EndGlobal
