
Microsoft Visual Studio Solution File, Format Version 12.00
# Visual Studio Version 17
VisualStudioVersion = 17.3.32825.248
MinimumVisualStudioVersion = 10.0.40219.1
Project("{911E67C6-3D85-4FCE-B560-20A9C3E3FF48}") = "pz_8", "pz_8.exe", "{E3D85900-0F50-4942-AD3E-E4DD14742C53}"
	ProjectSection(DebuggerProjectSystem) = preProject
		PortSupplier = 00000000-0000-0000-0000-000000000000
		Executable = C:\Users\sofia\source\repos\2pk1_AkhtyamovaSofia\pz_8\bin\Debug\net6.0\pz_8.exe
		RemoteMachine = LAPTOP-PB5F36LC
		StartingDirectory = C:\Users\sofia\source\repos\2pk1_AkhtyamovaSofia\pz_8\bin\Debug\net6.0
		Environment = По умолчанию
		LaunchingEngine = 00000000-0000-0000-0000-000000000000
		UseLegacyDebugEngines = No
		LaunchSQLEngine = No
		AttachLaunchAction = No
		IORedirection = Auto
	EndProjectSection
EndProject
Global
	GlobalSection(SolutionConfigurationPlatforms) = preSolution
		Release|x64 = Release|x64
	EndGlobalSection
	GlobalSection(ProjectConfigurationPlatforms) = postSolution
		{E3D85900-0F50-4942-AD3E-E4DD14742C53}.Release|x64.ActiveCfg = Release|x64
	EndGlobalSection
	GlobalSection(SolutionProperties) = preSolution
		HideSolutionNode = FALSE
	EndGlobalSection
	GlobalSection(ExtensibilityGlobals) = postSolution
		SolutionGuid = {97D8EB39-0421-4BFA-9806-BD07829E0562}
	EndGlobalSection
EndGlobal
